
Microsoft Visual Studio Solution File, Format Version 12.00
# Visual Studio Version 17
VisualStudioVersion = 17.6.33829.357
MinimumVisualStudioVersion = 10.0.40219.1
Project("{FAE04EC0-301F-11D3-BF4B-00C04F79EFBC}") = "ConsoleApp1", "ConsoleApp1\ConsoleApp1.csproj", "{D277ACF9-7248-463F-BF3F-C09608894172}"
EndProject
Global
	GlobalSection(SolutionConfigurationPlatforms) = preSolution
		Debug|Any CPU = Debug|Any CPU
		Release|Any CPU = Release|Any CPU
	EndGlobalSection
	GlobalSection(ProjectConfigurationPlatforms) = postSolution
		{D277ACF9-7248-463F-BF3F-C09608894172}.Debug|Any CPU.ActiveCfg = Debug|Any CPU
		{D277ACF9-7248-463F-BF3F-C09608894172}.Debug|Any CPU.Build.0 = Debug|Any CPU
		{D277ACF9-7248-463F-BF3F-C09608894172}.Release|Any CPU.ActiveCfg = Release|Any CPU
		{D277ACF9-7248-463F-BF3F-C09608894172}.Release|Any CPU.Build.0 = Release|Any CPU
	EndGlobalSection
	GlobalSection(SolutionProperties) = preSolution
		HideSolutionNode = FALSE
	EndGlobalSection
	GlobalSection(ExtensibilityGlobals) = postSolution
		SolutionGuid = {34AFA53B-E5C3-4C3F-9B6C-F8BEB6EF3DE9}
	EndGlobalSection
EndGlobal
